
Microsoft Visual Studio Solution File, Format Version 12.00
# Visual Studio 2012
Project("{FAE04EC0-301F-11D3-BF4B-00C04F79EFBC}") = "Aspy", "Aspy\Aspy.csproj", "{413D3504-6EDC-4254-9540-7635C00E3490}"
EndProject
Project("{FAE04EC0-301F-11D3-BF4B-00C04F79EFBC}") = "Aspy.Tests", "Aspy.Tests\Aspy.Tests.csproj", "{302FE191-BDDB-407A-AB0A-96D567AC4DED}"
EndProject
Project("{FAE04EC0-301F-11D3-BF4B-00C04F79EFBC}") = "Aspy.Web.Tests", "Aspy.Web.Tests\Aspy.Web.Tests.csproj", "{48C59EE4-76E2-4D0A-9CE2-7E0C9CCD0C68}"
EndProject
Project("{FAE04EC0-301F-11D3-BF4B-00C04F79EFBC}") = "NuGet", "NuGet\NuGet.csproj", "{D3B4CDAD-2103-4AEF-ABA9-7DC978F03D7D}"
EndProject
Project("{2150E333-8FDC-42A3-9474-1A3956D46DE8}") = ".nuget", ".nuget", "{7AB55014-43CB-43C8-8D4C-CF06FFC39DED}"
	ProjectSection(SolutionItems) = preProject
		.nuget\NuGet.Config = .nuget\NuGet.Config
		.nuget\NuGet.exe = .nuget\NuGet.exe
		.nuget\NuGet.targets = .nuget\NuGet.targets
	EndProjectSection
EndProject
Project("{2150E333-8FDC-42A3-9474-1A3956D46DE8}") = "Solution Items", "Solution Items", "{1AFEAE1D-2C6A-4513-BB6B-A1596722EE0A}"
	ProjectSection(SolutionItems) = preProject
		..\.gitignore = ..\.gitignore
		..\README.md = ..\README.md
	EndProjectSection
EndProject
Global
	GlobalSection(SolutionConfigurationPlatforms) = preSolution
		Debug|Any CPU = Debug|Any CPU
		Release|Any CPU = Release|Any CPU
	EndGlobalSection
	GlobalSection(ProjectConfigurationPlatforms) = postSolution
		{413D3504-6EDC-4254-9540-7635C00E3490}.Debug|Any CPU.ActiveCfg = Debug|Any CPU
		{413D3504-6EDC-4254-9540-7635C00E3490}.Debug|Any CPU.Build.0 = Debug|Any CPU
		{413D3504-6EDC-4254-9540-7635C00E3490}.Release|Any CPU.ActiveCfg = Release|Any CPU
		{413D3504-6EDC-4254-9540-7635C00E3490}.Release|Any CPU.Build.0 = Release|Any CPU
		{302FE191-BDDB-407A-AB0A-96D567AC4DED}.Debug|Any CPU.ActiveCfg = Debug|Any CPU
		{302FE191-BDDB-407A-AB0A-96D567AC4DED}.Debug|Any CPU.Build.0 = Debug|Any CPU
		{302FE191-BDDB-407A-AB0A-96D567AC4DED}.Release|Any CPU.ActiveCfg = Release|Any CPU
		{302FE191-BDDB-407A-AB0A-96D567AC4DED}.Release|Any CPU.Build.0 = Release|Any CPU
		{48C59EE4-76E2-4D0A-9CE2-7E0C9CCD0C68}.Debug|Any CPU.ActiveCfg = Debug|Any CPU
		{48C59EE4-76E2-4D0A-9CE2-7E0C9CCD0C68}.Debug|Any CPU.Build.0 = Debug|Any CPU
		{48C59EE4-76E2-4D0A-9CE2-7E0C9CCD0C68}.Release|Any CPU.ActiveCfg = Release|Any CPU
		{48C59EE4-76E2-4D0A-9CE2-7E0C9CCD0C68}.Release|Any CPU.Build.0 = Release|Any CPU
		{D3B4CDAD-2103-4AEF-ABA9-7DC978F03D7D}.Debug|Any CPU.ActiveCfg = Debug|Any CPU
		{D3B4CDAD-2103-4AEF-ABA9-7DC978F03D7D}.Release|Any CPU.ActiveCfg = Release|Any CPU
		{D3B4CDAD-2103-4AEF-ABA9-7DC978F03D7D}.Release|Any CPU.Build.0 = Release|Any CPU
	EndGlobalSection
	GlobalSection(SolutionProperties) = preSolution
		HideSolutionNode = FALSE
	EndGlobalSection
EndGlobal
